
Microsoft Visual Studio Solution File, Format Version 12.00
# Visual Studio 15
VisualStudioVersion = 15.0.27703.2035
MinimumVisualStudioVersion = 10.0.40219.1
Project("{9A19103F-16F7-4668-BE54-9A1E7A4F7556}") = "Cake.FtpDeploy", "Cake.FtpDeploy\Cake.FtpDeploy.csproj", "{FE5AF5CC-77F3-4CE4-B8E7-8A5DD83A3190}"
EndProject
Project("{FAE04EC0-301F-11D3-BF4B-00C04F79EFBC}") = "Cake.FtpDeploy.Tests", "Cake.FtpDeploy.Tests\Cake.FtpDeploy.Tests.csproj", "{12CB7070-9818-4A02-8B0D-590A3AC4E0B9}"
EndProject
Global
	GlobalSection(SolutionConfigurationPlatforms) = preSolution
		Debug|Any CPU = Debug|Any CPU
		Release|Any CPU = Release|Any CPU
	EndGlobalSection
	GlobalSection(ProjectConfigurationPlatforms) = postSolution
		{FE5AF5CC-77F3-4CE4-B8E7-8A5DD83A3190}.Debug|Any CPU.ActiveCfg = Debug|Any CPU
		{FE5AF5CC-77F3-4CE4-B8E7-8A5DD83A3190}.Debug|Any CPU.Build.0 = Debug|Any CPU
		{FE5AF5CC-77F3-4CE4-B8E7-8A5DD83A3190}.Release|Any CPU.ActiveCfg = Release|Any CPU
		{FE5AF5CC-77F3-4CE4-B8E7-8A5DD83A3190}.Release|Any CPU.Build.0 = Release|Any CPU
		{12CB7070-9818-4A02-8B0D-590A3AC4E0B9}.Debug|Any CPU.ActiveCfg = Debug|Any CPU
		{12CB7070-9818-4A02-8B0D-590A3AC4E0B9}.Debug|Any CPU.Build.0 = Debug|Any CPU
		{12CB7070-9818-4A02-8B0D-590A3AC4E0B9}.Release|Any CPU.ActiveCfg = Release|Any CPU
		{12CB7070-9818-4A02-8B0D-590A3AC4E0B9}.Release|Any CPU.Build.0 = Release|Any CPU
	EndGlobalSection
	GlobalSection(SolutionProperties) = preSolution
		HideSolutionNode = FALSE
	EndGlobalSection
	GlobalSection(ExtensibilityGlobals) = postSolution
		SolutionGuid = {F4214FE7-C0F9-42E8-AA85-71BE816F7219}
	EndGlobalSection
EndGlobal
