
Microsoft Visual Studio Solution File, Format Version 12.00
# Visual Studio 15
VisualStudioVersion = 15.0.27130.2010
MinimumVisualStudioVersion = 10.0.40219.1
Project("{FAE04EC0-301F-11D3-BF4B-00C04F79EFBC}") = "Cake.FtpDeploy", "Cake.FtpDeploy\Cake.FtpDeploy.csproj", "{03693A72-AA1C-467F-9C9C-6FFC5CAFF670}"
EndProject
Project("{FAE04EC0-301F-11D3-BF4B-00C04F79EFBC}") = "Cake.FtpDeploy.Tests", "Cake.FtpDeploy.Tests\Cake.FtpDeploy.Tests.csproj", "{9B6013ED-D82B-476F-AC59-54C9993D29CB}"
EndProject
Global
	GlobalSection(SolutionConfigurationPlatforms) = preSolution
		Debug|Any CPU = Debug|Any CPU
		Release|Any CPU = Release|Any CPU
	EndGlobalSection
	GlobalSection(ProjectConfigurationPlatforms) = postSolution
		{03693A72-AA1C-467F-9C9C-6FFC5CAFF670}.Debug|Any CPU.ActiveCfg = Debug|Any CPU
		{03693A72-AA1C-467F-9C9C-6FFC5CAFF670}.Debug|Any CPU.Build.0 = Debug|Any CPU
		{03693A72-AA1C-467F-9C9C-6FFC5CAFF670}.Release|Any CPU.ActiveCfg = Release|Any CPU
		{03693A72-AA1C-467F-9C9C-6FFC5CAFF670}.Release|Any CPU.Build.0 = Release|Any CPU
		{9B6013ED-D82B-476F-AC59-54C9993D29CB}.Debug|Any CPU.ActiveCfg = Debug|Any CPU
		{9B6013ED-D82B-476F-AC59-54C9993D29CB}.Debug|Any CPU.Build.0 = Debug|Any CPU
		{9B6013ED-D82B-476F-AC59-54C9993D29CB}.Release|Any CPU.ActiveCfg = Release|Any CPU
		{9B6013ED-D82B-476F-AC59-54C9993D29CB}.Release|Any CPU.Build.0 = Release|Any CPU
	EndGlobalSection
	GlobalSection(SolutionProperties) = preSolution
		HideSolutionNode = FALSE
	EndGlobalSection
	GlobalSection(ExtensibilityGlobals) = postSolution
		SolutionGuid = {1C28B082-5218-42C5-AEEE-BD88885FB0CD}
	EndGlobalSection
EndGlobal
